// !$*UTF8*$!
{
	archiveVersion = 1;
	classes = {
	};
	objectVersion = 48;
	objects = {

/* Begin PBXBuildFile section */
		D8A2E61B2051F718006B2223 /* AppDelegate.swift in Sources */ = {isa = PBXBuildFile; fileRef = D8A2E61A2051F718006B2223 /* AppDelegate.swift */; };
		D8A2E61D2051F718006B2223 /* ViewController.swift in Sources */ = {isa = PBXBuildFile; fileRef = D8A2E61C2051F718006B2223 /* ViewController.swift */; };
		D8A2E6202051F719006B2223 /* Main.storyboard in Resources */ = {isa = PBXBuildFile; fileRef = D8A2E61E2051F719006B2223 /* Main.storyboard */; };
		D8A2E6222051F719006B2223 /* Assets.xcassets in Resources */ = {isa = PBXBuildFile; fileRef = D8A2E6212051F719006B2223 /* Assets.xcassets */; };
		D8A2E6252051F719006B2223 /* LaunchScreen.storyboard in Resources */ = {isa = PBXBuildFile; fileRef = D8A2E6232051F719006B2223 /* LaunchScreen.storyboard */; };
		D8A2E6302051F719006B2223 /* hackathon_motionTests.swift in Sources */ = {isa = PBXBuildFile; fileRef = D8A2E62F2051F719006B2223 /* hackathon_motionTests.swift */; };
		D8A2E63B2051F719006B2223 /* hackathon_motionUITests.swift in Sources */ = {isa = PBXBuildFile; fileRef = D8A2E63A2051F719006B2223 /* hackathon_motionUITests.swift */; };
/* End PBXBuildFile section */

/* Begin PBXContainerItemProxy section */
		D8A2E62C2051F719006B2223 /* PBXContainerItemProxy */ = {
			isa = PBXContainerItemProxy;
			containerPortal = D8A2E60F2051F718006B2223 /* Project object */;
			proxyType = 1;
			remoteGlobalIDString = D8A2E6162051F718006B2223;
			remoteInfo = hackathon_motion;
		};
		D8A2E6372051F719006B2223 /* PBXContainerItemProxy */ = {
			isa = PBXContainerItemProxy;
			containerPortal = D8A2E60F2051F718006B2223 /* Project object */;
			proxyType = 1;
			remoteGlobalIDString = D8A2E6162051F718006B2223;
			remoteInfo = hackathon_motion;
		};
/* End PBXContainerItemProxy section */

/* Begin PBXFileReference section */
		D8A2E6172051F718006B2223 /* hackathon_motion.app */ = {isa = PBXFileReference; explicitFileType = wrapper.application; includeInIndex = 0; path = hackathon_motion.app; sourceTree = BUILT_PRODUCTS_DIR; };
		D8A2E61A2051F718006B2223 /* AppDelegate.swift */ = {isa = PBXFileReference; lastKnownFileType = sourcecode.swift; path = AppDelegate.swift; sourceTree = "<group>"; };
		D8A2E61C2051F718006B2223 /* ViewController.swift */ = {isa = PBXFileReference; lastKnownFileType = sourcecode.swift; path = ViewController.swift; sourceTree = "<group>"; };
		D8A2E61F2051F719006B2223 /* Base */ = {isa = PBXFileReference; lastKnownFileType = file.storyboard; name = Base; path = Base.lproj/Main.storyboard; sourceTree = "<group>"; };
		D8A2E6212051F719006B2223 /* Assets.xcassets */ = {isa = PBXFileReference; lastKnownFileType = folder.assetcatalog; path = Assets.xcassets; sourceTree = "<group>"; };
		D8A2E6242051F719006B2223 /* Base */ = {isa = PBXFileReference; lastKnownFileType = file.storyboard; name = Base; path = Base.lproj/LaunchScreen.storyboard; sourceTree = "<group>"; };
		D8A2E6262051F719006B2223 /* Info.plist */ = {isa = PBXFileReference; lastKnownFileType = text.plist.xml; path = Info.plist; sourceTree = "<group>"; };
		D8A2E62B2051F719006B2223 /* hackathon_motionTests.xctest */ = {isa = PBXFileReference; explicitFileType = wrapper.cfbundle; includeInIndex = 0; path = hackathon_motionTests.xctest; sourceTree = BUILT_PRODUCTS_DIR; };
		D8A2E62F2051F719006B2223 /* hackathon_motionTests.swift */ = {isa = PBXFileReference; lastKnownFileType = sourcecode.swift; path = hackathon_motionTests.swift; sourceTree = "<group>"; };
		D8A2E6312051F719006B2223 /* Info.plist */ = {isa = PBXFileReference; lastKnownFileType = text.plist.xml; path = Info.plist; sourceTree = "<group>"; };
		D8A2E6362051F719006B2223 /* hackathon_motionUITests.xctest */ = {isa = PBXFileReference; explicitFileType = wrapper.cfbundle; includeInIndex = 0; path = hackathon_motionUITests.xctest; sourceTree = BUILT_PRODUCTS_DIR; };
		D8A2E63A2051F719006B2223 /* hackathon_motionUITests.swift */ = {isa = PBXFileReference; lastKnownFileType = sourcecode.swift; path = hackathon_motionUITests.swift; sourceTree = "<group>"; };
		D8A2E63C2051F719006B2223 /* Info.plist */ = {isa = PBXFileReference; lastKnownFileType = text.plist.xml; path = Info.plist; sourceTree = "<group>"; };
/* End PBXFileReference section */

/* Begin PBXFrameworksBuildPhase section */
		D8A2E6142051F718006B2223 /* Frameworks */ = {
			isa = PBXFrameworksBuildPhase;
			buildActionMask = 2147483647;
			files = (
			);
			runOnlyForDeploymentPostprocessing = 0;
		};
		D8A2E6282051F719006B2223 /* Frameworks */ = {
			isa = PBXFrameworksBuildPhase;
			buildActionMask = 2147483647;
			files = (
			);
			runOnlyForDeploymentPostprocessing = 0;
		};
		D8A2E6332051F719006B2223 /* Frameworks */ = {
			isa = PBXFrameworksBuildPhase;
			buildActionMask = 2147483647;
			files = (
			);
			runOnlyForDeploymentPostprocessing = 0;
		};
/* End PBXFrameworksBuildPhase section */

/* Begin PBXGroup section */
		D8A2E60E2051F718006B2223 = {
			isa = PBXGroup;
			children = (
				D8A2E6192051F718006B2223 /* hackathon_motion */,
				D8A2E62E2051F719006B2223 /* hackathon_motionTests */,
				D8A2E6392051F719006B2223 /* hackathon_motionUITests */,
				D8A2E6182051F718006B2223 /* Products */,
			);
			sourceTree = "<group>";
		};
		D8A2E6182051F718006B2223 /* Products */ = {
			isa = PBXGroup;
			children = (
				D8A2E6172051F718006B2223 /* hackathon_motion.app */,
				D8A2E62B2051F719006B2223 /* hackathon_motionTests.xctest */,
				D8A2E6362051F719006B2223 /* hackathon_motionUITests.xctest */,
			);
			name = Products;
			sourceTree = "<group>";
		};
		D8A2E6192051F718006B2223 /* hackathon_motion */ = {
			isa = PBXGroup;
			children = (
				D8A2E61A2051F718006B2223 /* AppDelegate.swift */,
				D8A2E61C2051F718006B2223 /* ViewController.swift */,
				D8A2E61E2051F719006B2223 /* Main.storyboard */,
				D8A2E6212051F719006B2223 /* Assets.xcassets */,
				D8A2E6232051F719006B2223 /* LaunchScreen.storyboard */,
				D8A2E6262051F719006B2223 /* Info.plist */,
			);
			path = hackathon_motion;
			sourceTree = "<group>";
		};
		D8A2E62E2051F719006B2223 /* hackathon_motionTests */ = {
			isa = PBXGroup;
			children = (
				D8A2E62F2051F719006B2223 /* hackathon_motionTests.swift */,
				D8A2E6312051F719006B2223 /* Info.plist */,
			);
			path = hackathon_motionTests;
			sourceTree = "<group>";
		};
		D8A2E6392051F719006B2223 /* hackathon_motionUITests */ = {
			isa = PBXGroup;
			children = (
				D8A2E63A2051F719006B2223 /* hackathon_motionUITests.swift */,
				D8A2E63C2051F719006B2223 /* Info.plist */,
			);
			path = hackathon_motionUITests;
			sourceTree = "<group>";
		};
/* End PBXGroup section */

/* Begin PBXNativeTarget section */
		D8A2E6162051F718006B2223 /* hackathon_motion */ = {
			isa = PBXNativeTarget;
			buildConfigurationList = D8A2E63F2051F719006B2223 /* Build configuration list for PBXNativeTarget "hackathon_motion" */;
			buildPhases = (
				D8A2E6132051F718006B2223 /* Sources */,
				D8A2E6142051F718006B2223 /* Frameworks */,
				D8A2E6152051F718006B2223 /* Resources */,
			);
			buildRules = (
			);
			dependencies = (
			);
			name = hackathon_motion;
			productName = hackathon_motion;
			productReference = D8A2E6172051F718006B2223 /* hackathon_motion.app */;
			productType = "com.apple.product-type.application";
		};
		D8A2E62A2051F719006B2223 /* hackathon_motionTests */ = {
			isa = PBXNativeTarget;
			buildConfigurationList = D8A2E6422051F719006B2223 /* Build configuration list for PBXNativeTarget "hackathon_motionTests" */;
			buildPhases = (
				D8A2E6272051F719006B2223 /* Sources */,
				D8A2E6282051F719006B2223 /* Frameworks */,
				D8A2E6292051F719006B2223 /* Resources */,
			);
			buildRules = (
			);
			dependencies = (
				D8A2E62D2051F719006B2223 /* PBXTargetDependency */,
			);
			name = hackathon_motionTests;
			productName = hackathon_motionTests;
			productReference = D8A2E62B2051F719006B2223 /* hackathon_motionTests.xctest */;
			productType = "com.apple.product-type.bundle.unit-test";
		};
		D8A2E6352051F719006B2223 /* hackathon_motionUITests */ = {
			isa = PBXNativeTarget;
			buildConfigurationList = D8A2E6452051F719006B2223 /* Build configuration list for PBXNativeTarget "hackathon_motionUITests" */;
			buildPhases = (
				D8A2E6322051F719006B2223 /* Sources */,
				D8A2E6332051F719006B2223 /* Frameworks */,
				D8A2E6342051F719006B2223 /* Resources */,
			);
			buildRules = (
			);
			dependencies = (
				D8A2E6382051F719006B2223 /* PBXTargetDependency */,
			);
			name = hackathon_motionUITests;
			productName = hackathon_motionUITests;
			productReference = D8A2E6362051F719006B2223 /* hackathon_motionUITests.xctest */;
			productType = "com.apple.product-type.bundle.ui-testing";
		};
/* End PBXNativeTarget section */

/* Begin PBXProject section */
		D8A2E60F2051F718006B2223 /* Project object */ = {
			isa = PBXProject;
			attributes = {
				LastSwiftUpdateCheck = 0920;
				LastUpgradeCheck = 0920;
				ORGANIZATIONNAME = Nathan;
				TargetAttributes = {
					D8A2E6162051F718006B2223 = {
						CreatedOnToolsVersion = 9.2;
						ProvisioningStyle = Automatic;
					};
					D8A2E62A2051F719006B2223 = {
						CreatedOnToolsVersion = 9.2;
						ProvisioningStyle = Automatic;
						TestTargetID = D8A2E6162051F718006B2223;
					};
					D8A2E6352051F719006B2223 = {
						CreatedOnToolsVersion = 9.2;
						ProvisioningStyle = Automatic;
						TestTargetID = D8A2E6162051F718006B2223;
					};
				};
			};
			buildConfigurationList = D8A2E6122051F718006B2223 /* Build configuration list for PBXProject "hackathon_motion" */;
			compatibilityVersion = "Xcode 8.0";
			developmentRegion = en;
			hasScannedForEncodings = 0;
			knownRegions = (
				en,
				Base,
			);
			mainGroup = D8A2E60E2051F718006B2223;
			productRefGroup = D8A2E6182051F718006B2223 /* Products */;
			projectDirPath = "";
			projectRoot = "";
			targets = (
				D8A2E6162051F718006B2223 /* hackathon_motion */,
				D8A2E62A2051F719006B2223 /* hackathon_motionTests */,
				D8A2E6352051F719006B2223 /* hackathon_motionUITests */,
			);
		};
/* End PBXProject section */

/* Begin PBXResourcesBuildPhase section */
		D8A2E6152051F718006B2223 /* Resources */ = {
			isa = PBXResourcesBuildPhase;
			buildActionMask = 2147483647;
			files = (
				D8A2E6252051F719006B2223 /* LaunchScreen.storyboard in Resources */,
				D8A2E6222051F719006B2223 /* Assets.xcassets in Resources */,
				D8A2E6202051F719006B2223 /* Main.storyboard in Resources */,
			);
			runOnlyForDeploymentPostprocessing = 0;
		};
		D8A2E6292051F719006B2223 /* Resources */ = {
			isa = PBXResourcesBuildPhase;
			buildActionMask = 2147483647;
			files = (
			);
			runOnlyForDeploymentPostprocessing = 0;
		};
		D8A2E6342051F719006B2223 /* Resources */ = {
			isa = PBXResourcesBuildPhase;
			buildActionMask = 2147483647;
			files = (
			);
			runOnlyForDeploymentPostprocessing = 0;
		};
/* End PBXResourcesBuildPhase section */

/* Begin PBXSourcesBuildPhase section */
		D8A2E6132051F718006B2223 /* Sources */ = {
			isa = PBXSourcesBuildPhase;
			buildActionMask = 2147483647;
			files = (
				D8A2E61D2051F718006B2223 /* ViewController.swift in Sources */,
				D8A2E61B2051F718006B2223 /* AppDelegate.swift in Sources */,
			);
			runOnlyForDeploymentPostprocessing = 0;
		};
		D8A2E6272051F719006B2223 /* Sources */ = {
			isa = PBXSourcesBuildPhase;
			buildActionMask = 2147483647;
			files = (
				D8A2E6302051F719006B2223 /* hackathon_motionTests.swift in Sources */,
			);
			runOnlyForDeploymentPostprocessing = 0;
		};
		D8A2E6322051F719006B2223 /* Sources */ = {
			isa = PBXSourcesBuildPhase;
			buildActionMask = 2147483647;
			files = (
				D8A2E63B2051F719006B2223 /* hackathon_motionUITests.swift in Sources */,
			);
			runOnlyForDeploymentPostprocessing = 0;
		};
/* End PBXSourcesBuildPhase section */

/* Begin PBXTargetDependency section */
		D8A2E62D2051F719006B2223 /* PBXTargetDependency */ = {
			isa = PBXTargetDependency;
			target = D8A2E6162051F718006B2223 /* hackathon_motion */;
			targetProxy = D8A2E62C2051F719006B2223 /* PBXContainerItemProxy */;
		};
		D8A2E6382051F719006B2223 /* PBXTargetDependency */ = {
			isa = PBXTargetDependency;
			target = D8A2E6162051F718006B2223 /* hackathon_motion */;
			targetProxy = D8A2E6372051F719006B2223 /* PBXContainerItemProxy */;
		};
/* End PBXTargetDependency section */

/* Begin PBXVariantGroup section */
		D8A2E61E2051F719006B2223 /* Main.storyboard */ = {
			isa = PBXVariantGroup;
			children = (
				D8A2E61F2051F719006B2223 /* Base */,
			);
			name = Main.storyboard;
			sourceTree = "<group>";
		};
		D8A2E6232051F719006B2223 /* LaunchScreen.storyboard */ = {
			isa = PBXVariantGroup;
			children = (
				D8A2E6242051F719006B2223 /* Base */,
			);
			name = LaunchScreen.storyboard;
			sourceTree = "<group>";
		};
/* End PBXVariantGroup section */

/* Begin XCBuildConfiguration section */
		D8A2E63D2051F719006B2223 /* Debug */ = {
			isa = XCBuildConfiguration;
			buildSettings = {
				ALWAYS_SEARCH_USER_PATHS = NO;
				CLANG_ANALYZER_NONNULL = YES;
				CLANG_ANALYZER_NUMBER_OBJECT_CONVERSION = YES_AGGRESSIVE;
				CLANG_CXX_LANGUAGE_STANDARD = "gnu++14";
				CLANG_CXX_LIBRARY = "libc++";
				CLANG_ENABLE_MODULES = YES;
				CLANG_ENABLE_OBJC_ARC = YES;
				CLANG_WARN_BLOCK_CAPTURE_AUTORELEASING = YES;
				CLANG_WARN_BOOL_CONVERSION = YES;
				CLANG_WARN_COMMA = YES;
				CLANG_WARN_CONSTANT_CONVERSION = YES;
				CLANG_WARN_DIRECT_OBJC_ISA_USAGE = YES_ERROR;
				CLANG_WARN_DOCUMENTATION_COMMENTS = YES;
				CLANG_WARN_EMPTY_BODY = YES;
				CLANG_WARN_ENUM_CONVERSION = YES;
				CLANG_WARN_INFINITE_RECURSION = YES;
				CLANG_WARN_INT_CONVERSION = YES;
				CLANG_WARN_NON_LITERAL_NULL_CONVERSION = YES;
				CLANG_WARN_OBJC_LITERAL_CONVERSION = YES;
				CLANG_WARN_OBJC_ROOT_CLASS = YES_ERROR;
				CLANG_WARN_RANGE_LOOP_ANALYSIS = YES;
				CLANG_WARN_STRICT_PROTOTYPES = YES;
				CLANG_WARN_SUSPICIOUS_MOVE = YES;
				CLANG_WARN_UNGUARDED_AVAILABILITY = YES_AGGRESSIVE;
				CLANG_WARN_UNREACHABLE_CODE = YES;
				CLANG_WARN__DUPLICATE_METHOD_MATCH = YES;
				CODE_SIGN_IDENTITY = "iPhone Developer";
				COPY_PHASE_STRIP = NO;
				DEBUG_INFORMATION_FORMAT = dwarf;
				ENABLE_STRICT_OBJC_MSGSEND = YES;
				ENABLE_TESTABILITY = YES;
				GCC_C_LANGUAGE_STANDARD = gnu11;
				GCC_DYNAMIC_NO_PIC = NO;
				GCC_NO_COMMON_BLOCKS = YES;
				GCC_OPTIMIZATION_LEVEL = 0;
				GCC_PREPROCESSOR_DEFINITIONS = (
					"DEBUG=1",
					"$(inherited)",
				);
				GCC_WARN_64_TO_32_BIT_CONVERSION = YES;
				GCC_WARN_ABOUT_RETURN_TYPE = YES_ERROR;
				GCC_WARN_UNDECLARED_SELECTOR = YES;
				GCC_WARN_UNINITIALIZED_AUTOS = YES_AGGRESSIVE;
				GCC_WARN_UNUSED_FUNCTION = YES;
				GCC_WARN_UNUSED_VARIABLE = YES;
				IPHONEOS_DEPLOYMENT_TARGET = 11.2;
				MTL_ENABLE_DEBUG_INFO = YES;
				ONLY_ACTIVE_ARCH = YES;
				SDKROOT = iphoneos;
				SWIFT_ACTIVE_COMPILATION_CONDITIONS = DEBUG;
				SWIFT_OPTIMIZATION_LEVEL = "-Onone";
			};
			name = Debug;
		};
		D8A2E63E2051F719006B2223 /* Release */ = {
			isa = XCBuildConfiguration;
			buildSettings = {
				ALWAYS_SEARCH_USER_PATHS = NO;
				CLANG_ANALYZER_NONNULL = YES;
				CLANG_ANALYZER_NUMBER_OBJECT_CONVERSION = YES_AGGRESSIVE;
				CLANG_CXX_LANGUAGE_STANDARD = "gnu++14";
				CLANG_CXX_LIBRARY = "libc++";
				CLANG_ENABLE_MODULES = YES;
				CLANG_ENABLE_OBJC_ARC = YES;
				CLANG_WARN_BLOCK_CAPTURE_AUTORELEASING = YES;
				CLANG_WARN_BOOL_CONVERSION = YES;
				CLANG_WARN_COMMA = YES;
				CLANG_WARN_CONSTANT_CONVERSION = YES;
				CLANG_WARN_DIRECT_OBJC_ISA_USAGE = YES_ERROR;
				CLANG_WARN_DOCUMENTATION_COMMENTS = YES;
				CLANG_WARN_EMPTY_BODY = YES;
				CLANG_WARN_ENUM_CONVERSION = YES;
				CLANG_WARN_INFINITE_RECURSION = YES;
				CLANG_WARN_INT_CONVERSION = YES;
				CLANG_WARN_NON_LITERAL_NULL_CONVERSION = YES;
				CLANG_WARN_OBJC_LITERAL_CONVERSION = YES;
				CLANG_WARN_OBJC_ROOT_CLASS = YES_ERROR;
				CLANG_WARN_RANGE_LOOP_ANALYSIS = YES;
				CLANG_WARN_STRICT_PROTOTYPES = YES;
				CLANG_WARN_SUSPICIOUS_MOVE = YES;
				CLANG_WARN_UNGUARDED_AVAILABILITY = YES_AGGRESSIVE;
				CLANG_WARN_UNREACHABLE_CODE = YES;
				CLANG_WARN__DUPLICATE_METHOD_MATCH = YES;
				CODE_SIGN_IDENTITY = "iPhone Developer";
				COPY_PHASE_STRIP = NO;
				DEBUG_INFORMATION_FORMAT = "dwarf-with-dsym";
				ENABLE_NS_ASSERTIONS = NO;
				ENABLE_STRICT_OBJC_MSGSEND = YES;
				GCC_C_LANGUAGE_STANDARD = gnu11;
				GCC_NO_COMMON_BLOCKS = YES;
				GCC_WARN_64_TO_32_BIT_CONVERSION = YES;
				GCC_WARN_ABOUT_RETURN_TYPE = YES_ERROR;
				GCC_WARN_UNDECLARED_SELECTOR = YES;
				GCC_WARN_UNINITIALIZED_AUTOS = YES_AGGRESSIVE;
				GCC_WARN_UNUSED_FUNCTION = YES;
				GCC_WARN_UNUSED_VARIABLE = YES;
				IPHONEOS_DEPLOYMENT_TARGET = 11.2;
				MTL_ENABLE_DEBUG_INFO = NO;
				SDKROOT = iphoneos;
				SWIFT_OPTIMIZATION_LEVEL = "-Owholemodule";
				VALIDATE_PRODUCT = YES;
			};
			name = Release;
		};
		D8A2E6402051F719006B2223 /* Debug */ = {
			isa = XCBuildConfiguration;
			buildSettings = {
				ASSETCATALOG_COMPILER_APPICON_NAME = AppIcon;
				"CODE_SIGN_IDENTITY[sdk=iphoneos*]" = "iPhone Developer";
				CODE_SIGN_STYLE = Automatic;
				DEVELOPMENT_TEAM = 4DPB6N67TH;
				INFOPLIST_FILE = hackathon_motion/Info.plist;
				LD_RUNPATH_SEARCH_PATHS = "$(inherited) @executable_path/Frameworks";
				PRODUCT_BUNDLE_IDENTIFIER = "Caro.hackathon-motion";
				PRODUCT_NAME = "$(TARGET_NAME)";
				PROVISIONING_PROFILE_SPECIFIER = "";
				SWIFT_VERSION = 4.0;
				TARGETED_DEVICE_FAMILY = "1,2";
			};
			name = Debug;
		};
		D8A2E6412051F719006B2223 /* Release */ = {
			isa = XCBuildConfiguration;
			buildSettings = {
				ASSETCATALOG_COMPILER_APPICON_NAME = AppIcon;
				"CODE_SIGN_IDENTITY[sdk=iphoneos*]" = "iPhone Developer";
				CODE_SIGN_STYLE = Automatic;
				DEVELOPMENT_TEAM = 4DPB6N67TH;
				INFOPLIST_FILE = hackathon_motion/Info.plist;
				LD_RUNPATH_SEARCH_PATHS = "$(inherited) @executable_path/Frameworks";
				PRODUCT_BUNDLE_IDENTIFIER = "Caro.hackathon-motion";
				PRODUCT_NAME = "$(TARGET_NAME)";
				PROVISIONING_PROFILE_SPECIFIER = "";
				SWIFT_VERSION = 4.0;
				TARGETED_DEVICE_FAMILY = "1,2";
			};
			name = Release;
		};
		D8A2E6432051F719006B2223 /* Debug */ = {
			isa = XCBuildConfiguration;
			buildSettings = {
				ALWAYS_EMBED_SWIFT_STANDARD_LIBRARIES = YES;
				BUNDLE_LOADER = "$(TEST_HOST)";
				CODE_SIGN_STYLE = Automatic;
				INFOPLIST_FILE = hackathon_motionTests/Info.plist;
				LD_RUNPATH_SEARCH_PATHS = "$(inherited) @executable_path/Frameworks @loader_path/Frameworks";
				PRODUCT_BUNDLE_IDENTIFIER = "Nathan.hackathon-motionTests";
				PRODUCT_NAME = "$(TARGET_NAME)";
				SWIFT_VERSION = 4.0;
				TARGETED_DEVICE_FAMILY = "1,2";
				TEST_HOST = "$(BUILT_PRODUCTS_DIR)/hackathon_motion.app/hackathon_motion";
			};
			name = Debug;
		};
		D8A2E6442051F719006B2223 /* Release */ = {
			isa = XCBuildConfiguration;
			buildSettings = {
				ALWAYS_EMBED_SWIFT_STANDARD_LIBRARIES = YES;
				BUNDLE_LOADER = "$(TEST_HOST)";
				CODE_SIGN_STYLE = Automatic;
				INFOPLIST_FILE = hackathon_motionTests/Info.plist;
				LD_RUNPATH_SEARCH_PATHS = "$(inherited) @executable_path/Frameworks @loader_path/Frameworks";
				PRODUCT_BUNDLE_IDENTIFIER = "Nathan.hackathon-motionTests";
				PRODUCT_NAME = "$(TARGET_NAME)";
				SWIFT_VERSION = 4.0;
				TARGETED_DEVICE_FAMILY = "1,2";
				TEST_HOST = "$(BUILT_PRODUCTS_DIR)/hackathon_motion.app/hackathon_motion";
			};
			name = Release;
		};
		D8A2E6462051F719006B2223 /* Debug */ = {
			isa = XCBuildConfiguration;
			buildSettings = {
				ALWAYS_EMBED_SWIFT_STANDARD_LIBRARIES = YES;
				CODE_SIGN_STYLE = Automatic;
				INFOPLIST_FILE = hackathon_motionUITests/Info.plist;
				LD_RUNPATH_SEARCH_PATHS = "$(inherited) @executable_path/Frameworks @loader_path/Frameworks";
				PRODUCT_BUNDLE_IDENTIFIER = "Nathan.hackathon-motionUITests";
				PRODUCT_NAME = "$(TARGET_NAME)";
				SWIFT_VERSION = 4.0;
				TARGETED_DEVICE_FAMILY = "1,2";
				TEST_TARGET_NAME = hackathon_motion;
			};
			name = Debug;
		};
		D8A2E6472051F719006B2223 /* Release */ = {
			isa = XCBuildConfiguration;
			buildSettings = {
				ALWAYS_EMBED_SWIFT_STANDARD_LIBRARIES = YES;
				CODE_SIGN_STYLE = Automatic;
				INFOPLIST_FILE = hackathon_motionUITests/Info.plist;
				LD_RUNPATH_SEARCH_PATHS = "$(inherited) @executable_path/Frameworks @loader_path/Frameworks";
				PRODUCT_BUNDLE_IDENTIFIER = "Nathan.hackathon-motionUITests";
				PRODUCT_NAME = "$(TARGET_NAME)";
				SWIFT_VERSION = 4.0;
				TARGETED_DEVICE_FAMILY = "1,2";
				TEST_TARGET_NAME = hackathon_motion;
			};
			name = Release;
		};
/* End XCBuildConfiguration section */

/* Begin XCConfigurationList section */
		D8A2E6122051F718006B2223 /* Build configuration list for PBXProject "hackathon_motion" */ = {
			isa = XCConfigurationList;
			buildConfigurations = (
				D8A2E63D2051F719006B2223 /* Debug */,
				D8A2E63E2051F719006B2223 /* Release */,
			);
			defaultConfigurationIsVisible = 0;
			defaultConfigurationName = Release;
		};
		D8A2E63F2051F719006B2223 /* Build configuration list for PBXNativeTarget "hackathon_motion" */ = {
			isa = XCConfigurationList;
			buildConfigurations = (
				D8A2E6402051F719006B2223 /* Debug */,
				D8A2E6412051F719006B2223 /* Release */,
			);
			defaultConfigurationIsVisible = 0;
			defaultConfigurationName = Release;
		};
		D8A2E6422051F719006B2223 /* Build configuration list for PBXNativeTarget "hackathon_motionTests" */ = {
			isa = XCConfigurationList;
			buildConfigurations = (
				D8A2E6432051F719006B2223 /* Debug */,
				D8A2E6442051F719006B2223 /* Release */,
			);
			defaultConfigurationIsVisible = 0;
			defaultConfigurationName = Release;
		};
		D8A2E6452051F719006B2223 /* Build configuration list for PBXNativeTarget "hackathon_motionUITests" */ = {
			isa = XCConfigurationList;
			buildConfigurations = (
				D8A2E6462051F719006B2223 /* Debug */,
				D8A2E6472051F719006B2223 /* Release */,
			);
			defaultConfigurationIsVisible = 0;
			defaultConfigurationName = Release;
		};
/* End XCConfigurationList section */
	};
	rootObject = D8A2E60F2051F718006B2223 /* Project object */;
}
